
Microsoft Visual Studio Solution File, Format Version 12.00
# Visual Studio Version 17
VisualStudioVersion = 17.0.31903.59
MinimumVisualStudioVersion = 10.0.40219.1
Project("{FAE04EC0-301F-11D3-BF4B-00C04F79EFBC}") = "WebApp.Api.V1", "WebApp.Api.V1\WebApp.Api.V1.csproj", "{B81F4D6A-FC3D-4232-B11F-8B05AB27FB6F}"
EndProject
Project("{FAE04EC0-301F-11D3-BF4B-00C04F79EFBC}") = "WebApp", "WebApp\WebApp.csproj", "{6EEF0797-6AC7-49A5-99CB-5C69CA118C48}"
EndProject
Project("{FAE04EC0-301F-11D3-BF4B-00C04F79EFBC}") = "WebApp.Hubs", "WebApp.Hubs\WebApp.Hubs.csproj", "{84871287-FC02-4C6D-B011-E6DC29D04A94}"
EndProject
Project("{FAE04EC0-301F-11D3-BF4B-00C04F79EFBC}") = "WebApp.Benchmarks", "WebApp.Benchmarks\WebApp.Benchmarks.csproj", "{9409C76D-768D-46A7-87C8-3B92808C10FB}"
EndProject
Global
	GlobalSection(SolutionConfigurationPlatforms) = preSolution
		Debug|Any CPU = Debug|Any CPU
		Debug|x64 = Debug|x64
		Debug|x86 = Debug|x86
		Release|Any CPU = Release|Any CPU
		Release|x64 = Release|x64
		Release|x86 = Release|x86
	EndGlobalSection
	GlobalSection(ProjectConfigurationPlatforms) = postSolution
		{B81F4D6A-FC3D-4232-B11F-8B05AB27FB6F}.Debug|Any CPU.ActiveCfg = Debug|Any CPU
		{B81F4D6A-FC3D-4232-B11F-8B05AB27FB6F}.Debug|Any CPU.Build.0 = Debug|Any CPU
		{B81F4D6A-FC3D-4232-B11F-8B05AB27FB6F}.Debug|x64.ActiveCfg = Debug|Any CPU
		{B81F4D6A-FC3D-4232-B11F-8B05AB27FB6F}.Debug|x64.Build.0 = Debug|Any CPU
		{B81F4D6A-FC3D-4232-B11F-8B05AB27FB6F}.Debug|x86.ActiveCfg = Debug|Any CPU
		{B81F4D6A-FC3D-4232-B11F-8B05AB27FB6F}.Debug|x86.Build.0 = Debug|Any CPU
		{B81F4D6A-FC3D-4232-B11F-8B05AB27FB6F}.Release|Any CPU.ActiveCfg = Release|Any CPU
		{B81F4D6A-FC3D-4232-B11F-8B05AB27FB6F}.Release|Any CPU.Build.0 = Release|Any CPU
		{B81F4D6A-FC3D-4232-B11F-8B05AB27FB6F}.Release|x64.ActiveCfg = Release|Any CPU
		{B81F4D6A-FC3D-4232-B11F-8B05AB27FB6F}.Release|x64.Build.0 = Release|Any CPU
		{B81F4D6A-FC3D-4232-B11F-8B05AB27FB6F}.Release|x86.ActiveCfg = Release|Any CPU
		{B81F4D6A-FC3D-4232-B11F-8B05AB27FB6F}.Release|x86.Build.0 = Release|Any CPU
		{6EEF0797-6AC7-49A5-99CB-5C69CA118C48}.Debug|Any CPU.ActiveCfg = Debug|Any CPU
		{6EEF0797-6AC7-49A5-99CB-5C69CA118C48}.Debug|Any CPU.Build.0 = Debug|Any CPU
		{6EEF0797-6AC7-49A5-99CB-5C69CA118C48}.Debug|x64.ActiveCfg = Debug|Any CPU
		{6EEF0797-6AC7-49A5-99CB-5C69CA118C48}.Debug|x64.Build.0 = Debug|Any CPU
		{6EEF0797-6AC7-49A5-99CB-5C69CA118C48}.Debug|x86.ActiveCfg = Debug|Any CPU
		{6EEF0797-6AC7-49A5-99CB-5C69CA118C48}.Debug|x86.Build.0 = Debug|Any CPU
		{6EEF0797-6AC7-49A5-99CB-5C69CA118C48}.Release|Any CPU.ActiveCfg = Release|Any CPU
		{6EEF0797-6AC7-49A5-99CB-5C69CA118C48}.Release|Any CPU.Build.0 = Release|Any CPU
		{6EEF0797-6AC7-49A5-99CB-5C69CA118C48}.Release|x64.ActiveCfg = Release|Any CPU
		{6EEF0797-6AC7-49A5-99CB-5C69CA118C48}.Release|x64.Build.0 = Release|Any CPU
		{6EEF0797-6AC7-49A5-99CB-5C69CA118C48}.Release|x86.ActiveCfg = Release|Any CPU
		{6EEF0797-6AC7-49A5-99CB-5C69CA118C48}.Release|x86.Build.0 = Release|Any CPU
		{84871287-FC02-4C6D-B011-E6DC29D04A94}.Debug|Any CPU.ActiveCfg = Debug|Any CPU
		{84871287-FC02-4C6D-B011-E6DC29D04A94}.Debug|Any CPU.Build.0 = Debug|Any CPU
		{84871287-FC02-4C6D-B011-E6DC29D04A94}.Debug|x64.ActiveCfg = Debug|Any CPU
		{84871287-FC02-4C6D-B011-E6DC29D04A94}.Debug|x64.Build.0 = Debug|Any CPU
		{84871287-FC02-4C6D-B011-E6DC29D04A94}.Debug|x86.ActiveCfg = Debug|Any CPU
		{84871287-FC02-4C6D-B011-E6DC29D04A94}.Debug|x86.Build.0 = Debug|Any CPU
		{84871287-FC02-4C6D-B011-E6DC29D04A94}.Release|Any CPU.ActiveCfg = Release|Any CPU
		{84871287-FC02-4C6D-B011-E6DC29D04A94}.Release|Any CPU.Build.0 = Release|Any CPU
		{84871287-FC02-4C6D-B011-E6DC29D04A94}.Release|x64.ActiveCfg = Release|Any CPU
		{84871287-FC02-4C6D-B011-E6DC29D04A94}.Release|x64.Build.0 = Release|Any CPU
		{84871287-FC02-4C6D-B011-E6DC29D04A94}.Release|x86.ActiveCfg = Release|Any CPU
		{84871287-FC02-4C6D-B011-E6DC29D04A94}.Release|x86.Build.0 = Release|Any CPU
		{9409C76D-768D-46A7-87C8-3B92808C10FB}.Debug|Any CPU.ActiveCfg = Debug|Any CPU
		{9409C76D-768D-46A7-87C8-3B92808C10FB}.Debug|Any CPU.Build.0 = Debug|Any CPU
		{9409C76D-768D-46A7-87C8-3B92808C10FB}.Debug|x64.ActiveCfg = Debug|Any CPU
		{9409C76D-768D-46A7-87C8-3B92808C10FB}.Debug|x64.Build.0 = Debug|Any CPU
		{9409C76D-768D-46A7-87C8-3B92808C10FB}.Debug|x86.ActiveCfg = Debug|Any CPU
		{9409C76D-768D-46A7-87C8-3B92808C10FB}.Debug|x86.Build.0 = Debug|Any CPU
		{9409C76D-768D-46A7-87C8-3B92808C10FB}.Release|Any CPU.ActiveCfg = Release|Any CPU
		{9409C76D-768D-46A7-87C8-3B92808C10FB}.Release|Any CPU.Build.0 = Release|Any CPU
		{9409C76D-768D-46A7-87C8-3B92808C10FB}.Release|x64.ActiveCfg = Release|Any CPU
		{9409C76D-768D-46A7-87C8-3B92808C10FB}.Release|x64.Build.0 = Release|Any CPU
		{9409C76D-768D-46A7-87C8-3B92808C10FB}.Release|x86.ActiveCfg = Release|Any CPU
		{9409C76D-768D-46A7-87C8-3B92808C10FB}.Release|x86.Build.0 = Release|Any CPU
	EndGlobalSection
	GlobalSection(SolutionProperties) = preSolution
		HideSolutionNode = FALSE
	EndGlobalSection
EndGlobal
